
Microsoft Visual Studio Solution File, Format Version 11.00
# Visual Studio 2010
Project("{FAE04EC0-301F-11D3-BF4B-00C04F79EFBC}") = "Assembly-CSharp", "Assembly-CSharp.csproj", "{D682595F-9813-7B91-63AA-F085A93F2E8D}"
EndProject
Project("{FAE04EC0-301F-11D3-BF4B-00C04F79EFBC}") = "Assembly-CSharp-Editor", "Assembly-CSharp-Editor.csproj", "{1BFB086B-7706-FF67-6647-21AE34DE7938}"
EndProject
Global
	GlobalSection(SolutionConfigurationPlatforms) = preSolution
		Debug|Any CPU = Debug|Any CPU
		Release|Any CPU = Release|Any CPU
	EndGlobalSection
	GlobalSection(ProjectConfigurationPlatforms) = postSolution
		{D682595F-9813-7B91-63AA-F085A93F2E8D}.Debug|Any CPU.ActiveCfg = Debug|Any CPU
		{D682595F-9813-7B91-63AA-F085A93F2E8D}.Debug|Any CPU.Build.0 = Debug|Any CPU
		{D682595F-9813-7B91-63AA-F085A93F2E8D}.Release|Any CPU.ActiveCfg = Release|Any CPU
		{D682595F-9813-7B91-63AA-F085A93F2E8D}.Release|Any CPU.Build.0 = Release|Any CPU
		{1BFB086B-7706-FF67-6647-21AE34DE7938}.Debug|Any CPU.ActiveCfg = Debug|Any CPU
		{1BFB086B-7706-FF67-6647-21AE34DE7938}.Debug|Any CPU.Build.0 = Debug|Any CPU
		{1BFB086B-7706-FF67-6647-21AE34DE7938}.Release|Any CPU.ActiveCfg = Release|Any CPU
		{1BFB086B-7706-FF67-6647-21AE34DE7938}.Release|Any CPU.Build.0 = Release|Any CPU
	EndGlobalSection
	GlobalSection(SolutionProperties) = preSolution
		HideSolutionNode = FALSE
	EndGlobalSection
	GlobalSection(MonoDevelopProperties) = preSolution
		StartupItem = Assembly-CSharp.csproj
	EndGlobalSection
EndGlobal
